
Microsoft Visual Studio Solution File, Format Version 12.00
Project("{FAE04EC0-301F-11D3-BF4B-00C04F79EFBC}") = "TypeThread", "TypeThread.csproj", "{4D5D6BC9-E8B5-41AA-8EAD-F98A2639CBDF}"
EndProject
Global
	GlobalSection(SolutionConfigurationPlatforms) = preSolution
		Debug|Any CPU = Debug|Any CPU
		Release|Any CPU = Release|Any CPU
	EndGlobalSection
	GlobalSection(ProjectConfigurationPlatforms) = postSolution
		{4D5D6BC9-E8B5-41AA-8EAD-F98A2639CBDF}.Debug|Any CPU.ActiveCfg = Debug|Any CPU
		{4D5D6BC9-E8B5-41AA-8EAD-F98A2639CBDF}.Debug|Any CPU.Build.0 = Debug|Any CPU
		{4D5D6BC9-E8B5-41AA-8EAD-F98A2639CBDF}.Release|Any CPU.ActiveCfg = Release|Any CPU
		{4D5D6BC9-E8B5-41AA-8EAD-F98A2639CBDF}.Release|Any CPU.Build.0 = Release|Any CPU
	EndGlobalSection
EndGlobal
